
Microsoft Visual Studio Solution File, Format Version 12.00
Project("{FAE04EC0-301F-11D3-BF4B-00C04F79EFBC}") = "Test.Platform.Wms.Core", "Test.Platform.Wms.Core\Test.Platform.Wms.Core.csproj", "{C1DFD7B7-F382-4560-95AE-2902016ADE31}"
EndProject
Project("{FAE04EC0-301F-11D3-BF4B-00C04F79EFBC}") = "Test.Platform.Wms.Sql", "Test.Platform.Wms.Sql\Test.Platform.Wms.Sql.csproj", "{7A0EC905-5D7A-4B21-8959-54ADEE09B5B4}"
EndProject
Project("{FAE04EC0-301F-11D3-BF4B-00C04F79EFBC}") = "Test.Platform.Wms.Api", "Test.Platform.Wms.Api\Test.Platform.Wms.Api.csproj", "{77FA3411-66C3-4E24-8435-923029B92448}"
EndProject
Global
	GlobalSection(SolutionConfigurationPlatforms) = preSolution
		Debug|Any CPU = Debug|Any CPU
		Release|Any CPU = Release|Any CPU
	EndGlobalSection
	GlobalSection(ProjectConfigurationPlatforms) = postSolution
		{C1DFD7B7-F382-4560-95AE-2902016ADE31}.Debug|Any CPU.ActiveCfg = Debug|Any CPU
		{C1DFD7B7-F382-4560-95AE-2902016ADE31}.Debug|Any CPU.Build.0 = Debug|Any CPU
		{C1DFD7B7-F382-4560-95AE-2902016ADE31}.Release|Any CPU.ActiveCfg = Release|Any CPU
		{C1DFD7B7-F382-4560-95AE-2902016ADE31}.Release|Any CPU.Build.0 = Release|Any CPU
		{7A0EC905-5D7A-4B21-8959-54ADEE09B5B4}.Debug|Any CPU.ActiveCfg = Debug|Any CPU
		{7A0EC905-5D7A-4B21-8959-54ADEE09B5B4}.Debug|Any CPU.Build.0 = Debug|Any CPU
		{7A0EC905-5D7A-4B21-8959-54ADEE09B5B4}.Release|Any CPU.ActiveCfg = Release|Any CPU
		{7A0EC905-5D7A-4B21-8959-54ADEE09B5B4}.Release|Any CPU.Build.0 = Release|Any CPU
		{77FA3411-66C3-4E24-8435-923029B92448}.Debug|Any CPU.ActiveCfg = Debug|Any CPU
		{77FA3411-66C3-4E24-8435-923029B92448}.Debug|Any CPU.Build.0 = Debug|Any CPU
		{77FA3411-66C3-4E24-8435-923029B92448}.Release|Any CPU.ActiveCfg = Release|Any CPU
		{77FA3411-66C3-4E24-8435-923029B92448}.Release|Any CPU.Build.0 = Release|Any CPU
	EndGlobalSection
EndGlobal
